Microsoft Visual Studio Solution File, Format Version 11.00
# Visual Studio 2008

Project("{82E4C860-7D59-9D09-26B1-E3755EF92A03}") = "Bakus", "Assembly-CSharp-firstpass-vs.csproj", "{60AFB8AC-684A-2F8A-CC71-C5707AC7D44B}"
EndProject
Project("{82E4C860-7D59-9D09-26B1-E3755EF92A03}") = "Bakus", "Assembly-CSharp-vs.csproj", "{F8E26348-79B9-7012-7BF2-E8F0CAB8F98F}"
EndProject
Project("{82E4C860-7D59-9D09-26B1-E3755EF92A03}") = "Bakus", "Assembly-CSharp-Editor-vs.csproj", "{31409E8E-98D5-E349-C10F-D04CB6AF7023}"
EndProject
Global
	GlobalSection(SolutionConfigurationPlatforms) = preSolution
		Debug|Any CPU = Debug|Any CPU
		Release|Any CPU = Release|Any CPU
	EndGlobalSection
	GlobalSection(ProjectConfigurationPlatforms) = postSolution
		{60AFB8AC-684A-2F8A-CC71-C5707AC7D44B}.Debug|Any CPU.ActiveCfg = Debug|Any CPU
		{60AFB8AC-684A-2F8A-CC71-C5707AC7D44B}.Debug|Any CPU.Build.0 = Debug|Any CPU
		{60AFB8AC-684A-2F8A-CC71-C5707AC7D44B}.Release|Any CPU.ActiveCfg = Release|Any CPU
		{60AFB8AC-684A-2F8A-CC71-C5707AC7D44B}.Release|Any CPU.Build.0 = Release|Any CPU
		{F8E26348-79B9-7012-7BF2-E8F0CAB8F98F}.Debug|Any CPU.ActiveCfg = Debug|Any CPU
		{F8E26348-79B9-7012-7BF2-E8F0CAB8F98F}.Debug|Any CPU.Build.0 = Debug|Any CPU
		{F8E26348-79B9-7012-7BF2-E8F0CAB8F98F}.Release|Any CPU.ActiveCfg = Release|Any CPU
		{F8E26348-79B9-7012-7BF2-E8F0CAB8F98F}.Release|Any CPU.Build.0 = Release|Any CPU
		{31409E8E-98D5-E349-C10F-D04CB6AF7023}.Debug|Any CPU.ActiveCfg = Debug|Any CPU
		{31409E8E-98D5-E349-C10F-D04CB6AF7023}.Debug|Any CPU.Build.0 = Debug|Any CPU
		{31409E8E-98D5-E349-C10F-D04CB6AF7023}.Release|Any CPU.ActiveCfg = Release|Any CPU
		{31409E8E-98D5-E349-C10F-D04CB6AF7023}.Release|Any CPU.Build.0 = Release|Any CPU
	EndGlobalSection
	GlobalSection(SolutionProperties) = preSolution
		HideSolutionNode = FALSE
	EndGlobalSection
																																																																																																																				GlobalSection(MonoDevelopProperties) = preSolution
		StartupItem = Assembly-CSharp.csproj
		Policies = $0
		$0.TextStylePolicy = $3
		$1.inheritsSet = null
		$1.scope = text/x-csharp
		$0.CSharpFormattingPolicy = $2
		$2.inheritsSet = Mono
		$2.inheritsScope = text/x-csharp
		$2.scope = text/x-csharp
		$3.FileWidth = 120
		$3.TabWidth = 4
		$3.EolMarker = Unix
		$3.inheritsSet = Mono
		$3.inheritsScope = text/plain
		$3.scope = text/plain
	EndGlobalSection

EndGlobal
